
Microsoft Visual Studio Solution File, Format Version 12.00
# Visual Studio Version 16
VisualStudioVersion = 16.0.31105.61
MinimumVisualStudioVersion = 10.0.40219.1
Project("{FAE04EC0-301F-11D3-BF4B-00C04F79EFBC}") = "Cars", "Cars.csproj", "{864AD79A-B1EE-49D6-B66F-5C8E648158E6}"
EndProject
Project("{2150E333-8FDC-42A3-9474-1A3956D46DE8}") = "Models", "Models", "{B2E3EABB-E2B7-4881-AE0A-9D39757521CA}"
EndProject
Global
	GlobalSection(SolutionConfigurationPlatforms) = preSolution
		Debug|Any CPU = Debug|Any CPU
		Release|Any CPU = Release|Any CPU
	EndGlobalSection
	GlobalSection(ProjectConfigurationPlatforms) = postSolution
		{864AD79A-B1EE-49D6-B66F-5C8E648158E6}.Debug|Any CPU.ActiveCfg = Debug|Any CPU
		{864AD79A-B1EE-49D6-B66F-5C8E648158E6}.Debug|Any CPU.Build.0 = Debug|Any CPU
		{864AD79A-B1EE-49D6-B66F-5C8E648158E6}.Release|Any CPU.ActiveCfg = Release|Any CPU
		{864AD79A-B1EE-49D6-B66F-5C8E648158E6}.Release|Any CPU.Build.0 = Release|Any CPU
	EndGlobalSection
	GlobalSection(SolutionProperties) = preSolution
		HideSolutionNode = FALSE
	EndGlobalSection
	GlobalSection(ExtensibilityGlobals) = postSolution
		SolutionGuid = {74ADC97C-D076-43D5-A8A6-8FA00B7FADCF}
	EndGlobalSection
EndGlobal
